
Microsoft Visual Studio Solution File, Format Version 12.00
# Visual Studio Version 16
VisualStudioVersion = 16.0.30907.101
MinimumVisualStudioVersion = 10.0.40219.1
Project("{FAE04EC0-301F-11D3-BF4B-00C04F79EFBC}") = "PokerGame", "PokerGame\PokerGame.csproj", "{0297E55C-1B73-49E7-8652-1E80CF6794DC}"
EndProject
Global
	GlobalSection(SolutionConfigurationPlatforms) = preSolution
		Debug|Any CPU = Debug|Any CPU
		Release|Any CPU = Release|Any CPU
	EndGlobalSection
	GlobalSection(ProjectConfigurationPlatforms) = postSolution
		{0297E55C-1B73-49E7-8652-1E80CF6794DC}.Debug|Any CPU.ActiveCfg = Debug|Any CPU
		{0297E55C-1B73-49E7-8652-1E80CF6794DC}.Debug|Any CPU.Build.0 = Debug|Any CPU
		{0297E55C-1B73-49E7-8652-1E80CF6794DC}.Release|Any CPU.ActiveCfg = Release|Any CPU
		{0297E55C-1B73-49E7-8652-1E80CF6794DC}.Release|Any CPU.Build.0 = Release|Any CPU
	EndGlobalSection
	GlobalSection(SolutionProperties) = preSolution
		HideSolutionNode = FALSE
	EndGlobalSection
	GlobalSection(ExtensibilityGlobals) = postSolution
		SolutionGuid = {21C00BEF-DAB5-4288-985F-8D9D52401D93}
	EndGlobalSection
EndGlobal
